cloud.google.com/go v0.107.0 h1:qkj22L7bgkl6vIeZDlOY2po43Mx/TIa2Wsa7VR+PEww=
cloud.google.com/go v0.107.0/go.mod h1:wpc2eNrD7hXUTy8EKS10jkxpZBjASrORK7goS+3YX2I=
cloud.google.com/go/compute v1.15.1 h1:7UGq3QknM33pw5xATlpzeoomNxsacIVvTqTTvbfajmE=
cloud.google.com/go/compute v1.15.1/go.mod h1:bjjoF/NtFUrkD/urWfdHaKuOPDR5nWIs63rR+SXhcpA=
cloud.google.com/go/compute/metadata v0.2.3 h1:mg4jlk7mCAj6xXp9UJ4fjI9VUI5rubuGBW5aJ7UnBMY=
cloud.google.com/go/compute/metadata v0.2.3/go.mod h1:VAV5nSsACxMJvgaAuX6Pk2AawlZn8kiOGuCv6gTkwuA=
cloud.google.com/go/datastore v1.10.0 h1:4siQRf4zTiAVt/oeH4GureGkApgb2vtPQAtOmhpqQwE=
cloud.google.com/go/datastore v1.10.0/go.mod h1:PC5UzAmDEkAmkfaknstTYbNpgE49HAgW2J1gcgUfmdM=
github.com/MakeNowJust/heredoc v0.0.0-20171113091838-e9091a26100e h1:eb0Pzkt15Bm7f2FFYv7sjY7NPFi3cPkS3tv1CcrFBWA=
github.com/MakeNowJust/heredoc v0.0.0-20171113091838-e9091a26100e/go.mod h1:64YHyfSL2R96J44Nlwm39UHepQbyR5q10x7iYa1ks2E=
github.com/favclip/golidator v2.1.0+incompatible h1:eYYhDpVbCCpkA1F96uzRJarEMiw31CZ1Te8kP4nSopc=
github.com/favclip/golidator v2.1.0+incompatible/go.mod h1:ruXV1d2tSVPa7CCm99hW+DYn58ac/sM5eeL73+Y7k1w=
github.com/favclip/testerator v0.0.0-20180606025010-04c1c0fc2a5a h1:k8uA7Ozv3iqqnMTJlJOyDQAoKDqTaZRcRhXRMs0yC9E=
github.com/favclip/testerator v0.0.0-20180606025010-04c1c0fc2a5a/go.mod h1:cVtAzsIzVl0mgwdBBhpGg08LJ49tLVxiIpmCut59GI4=
github.com/favclip/ucon v2.2.0+incompatible h1:YHpqHl/0MvRjRnJa3fdhGafbLFPfhizoUxCkW/4v8g0=
github.com/favclip/ucon v2.2.0+incompatible/go.mod h1:QIZiWd938m7Mf8T+lGtDLQe9xVWnJhTPuQwGKfEb9dw=
github.com/golang/groupcache v0.0.0-20200121045136-8c9f03a8e57e h1:1r7pUrabqp18hOBcwBwiTsbnFeTZHV9eER/QT5JVZxY=
github.com/golang/protobuf v1.3.1/go.mod h1:6lQm79b+lXiMfvg/cZm0SGofjICqVBUtrP5yJMmIC1U=
github.com/golang/protobuf v1.5.0/go.mod h1:FsONVRAS9T7sI+LIUmWTfcYkHO4aIWwzhcaSAoJOfIk=
github.com/golang/protobuf v1.5.2 h1:ROPKBNFfQgOUMifHyP+KYbvpjbdoFNs+aK7DXlji0Tw=
github.com/golang/protobuf v1.5.2/go.mod h1:XVQd3VNwM+JqD3oG2Ue2ip4fOMUkwXdXDdiuN0vRsmY=
github.com/google/go-cmp v0.5.5/go.mod h1:v8dTdLbMG2kIc/vJvl+f65V22dbkXbowE6jgT/gNBxE=
github.com/google/go-cmp v0.5.9 h1:O2Tfq5qg4qc4AmwVlvv0oLiVAGB7enBSJ2x2DqQFi38=
github.com/googleapis/enterprise-certificate-proxy v0.2.0 h1:y8Yozv7SZtlU//QXbezB6QkpuE6jMD2/gfzk4AftXjs=
github.com/googleapis/gax-go/v2 v2.7.0 h1:IcsPKeInNvYi7eqSaDjiZqDDKu5rsmunY0Y1YupQSSQ=
github.com/k0kubun/pp v2.3.0+incompatible h1:EKhKbi34VQDWJtq+zpsKSEhkHHs9w2P8Izbq8IhLVSo=
github.com/k0kubun/pp v2.3.0+incompatible/go.mod h1:GWse8YhT0p8pT4ir3ZgBbfZild3tgzSScAn6HmfYukg=
github.com/mattn/go-colorable v0.0.9 h1:UVL0vNpWh04HeJXV0KLcaT7r06gOH2l4OW6ddYRUIY4=
github.com/mattn/go-colorable v0.0.9/go.mod h1:9vuHe8Xs5qXnSaW/c/ABM9alt+Vo+STaOChaDxuIBZU=
github.com/mattn/go-isatty v0.0.4 h1:bnP0vzxcAdeI1zdubAl5PjU6zsERjGZb7raWodagDYs=
github.com/mattn/go-isatty v0.0.4/go.mod h1:M+lRXTBqGeGNdLjl/ufCoiOlB5xdOkqRJdNxMWT7Zi4=
github.com/pkg/errors v0.8.0 h1:WdK/asTD0HN+q6hsWO3/vpuAkAr+tw6aNJNDFFf0+qw=
github.com/pkg/errors v0.8.0/go.mod h1:bwawxfHBFNV+L2hUp1rHADufV3IMtnDRdf1r5NINEl0=
go.mercari.io/datastore v1.2.0 h1:f+creFOpPG5Ivof/omzRQgD1PmGm6Zkudra1OO9GJ+c=
go.mercari.io/datastore v1.2.0/go.mod h1:0pS74zfLTI+eZdHtJ1H6NyMyliPF/t9j7sK0Q52MWUk=
go.opencensus.io v0.24.0 h1:y73uSU6J157QMP2kn2r30vwW1A2W2WFwSCGnAVxeaD0=
golang.org/x/crypto v0.0.0-20190308221718-c2843e01d9a2/go.mod h1:djNgcEr1/C05ACkg1iLfiJU5Ep61QUkGW8qpdssI0+w=
golang.org/x/net v0.0.0-20190603091049-60506f45cf65/go.mod h1:HSz+uSET+XFnRR8LxR5pz3Of3rY3CfYBVs4xY44aLks=
golang.org/x/net v0.5.0 h1:GyT4nK/YDHSqa1c4753ouYCDajOYKTja9Xb/OHtgvSw=
golang.org/x/net v0.5.0/go.mod h1:DivGGAXEgPSlEBzxGzZI+ZLohi+xUj054jfeKui00ws=
golang.org/x/oauth2 v0.4.0 h1:NF0gk8LVPg1Ml7SSbGyySuoxdsXitj7TvgvuRxIMc/M=
golang.org/x/oauth2 v0.4.0/go.mod h1:RznEsdpjGAINPTOF0UH/t+xJ75L18YO3Ho6Pyn+uRec=
golang.org/x/sys v0.0.0-20190215142949-d0b11bdaac8a/go.mod h1:STP8DvDyc/dI5b8T5hshtkjS+E42TnysNCUPdjciGhY=
golang.org/x/sys v0.4.0 h1:Zr2JFtRQNX3BCZ8YtxRE9hNJYC8J6I1MVbMg6owUp18=
golang.org/x/text v0.3.0/go.mod h1:NqM8EUOU14njkJ3fqMW+pc6Ldnwhi/IjpwHt7yyuwOQ=
golang.org/x/text v0.3.2/go.mod h1:bEr9sfX3Q8Zfm5fL9x+3itogRgK3+ptLWKqgva+5dAk=
golang.org/x/text v0.6.0 h1:3XmdazWV+ubf7QgHSTWeykHOci5oeekaGJBLkrkaw4k=
golang.org/x/tools v0.0.0-20180917221912-90fa682c2a6e/go.mod h1:n7NCudcB/nEzxVGmLbDWY5pfWTLqBcC2KZ6jyYvM4mQ=
golang.org/x/xerrors v0.0.0-20191204190536-9bdfabe68543/go.mod h1:I/5z698sn9Ka8TeJc9MKroUUfqBBauWjQqLJ2OPfmY0=
golang.org/x/xerrors v0.0.0-20220907171357-04be3eba64a2 h1:H2TDz8ibqkAF6YGhCdN3jS9O0/s90v0rJh3X/OLHEUk=
google.golang.org/api v0.103.0 h1:9yuVqlu2JCvcLg9p8S3fcFLZij8EPSyvODIY1rkMizQ=
google.golang.org/api v0.103.0/go.mod h1:hGtW6nK1AC+d9si/UBhw8Xli+QMOf6xyNAyJw4qU9w0=
google.golang.org/appengine v1.6.7 h1:FZR1q0exgwxzPzp/aF+VccGrSfxfPpkBqjIIEq3ru6c=
google.golang.org/appengine v1.6.7/go.mod h1:8WjMMxjGQR8xUklV/ARdw2HLXBOI7O7uCIDZVag1xfc=
google.golang.org/genproto v0.0.0-20230110181048-76db0878b65f h1:BWUVssLB0HVOSY78gIdvk1dTVYtT1y8SBWtPYuTJ/6w=
google.golang.org/genproto v0.0.0-20230110181048-76db0878b65f/go.mod h1:RGgjbofJ8xD9Sq1VVhDM1Vok1vRONV+rg+CjzG4SZKM=
google.golang.org/grpc v1.53.0 h1:LAv2ds7cmFV/XTS3XG1NneeENYrXGmorPxsBbptIjNc=
google.golang.org/grpc v1.53.0/go.mod h1:OnIrk0ipVdj4N5d9IUoFUx72/VlD7+jUsHwZgwSMQpw=
google.golang.org/protobuf v1.26.0-rc.1/go.mod h1:jlhhOSvTdKEhbULTjvd4ARK9grFBp09yW+WbY/TyQbw=
google.golang.org/protobuf v1.26.0/go.mod h1:9q0QmTI4eRPtz6boOQmLYwt+qCgq0jsYwAQnmE0givc=
google.golang.org/protobuf v1.28.1 h1:d0NfwRgPtno5B1Wa6L2DAG+KivqkdutMf1UhdNx175w=
google.golang.org/protobuf v1.28.1/go.mod h1:HV8QOd/L58Z+nl8r43ehVNZIU/HEI6OcFqwMG9pJV4I=
